# This file is automatically @generated by Poetry 1.5.1 and should not be changed by hand.

[[package]]
name = "app"
version = "0.0.1"
description = "a simple egg"
optional = false
python-versions = "*"
files = [
    {file = "app-0.0.1.zip", hash = "sha256:214549e746d777292d807eec7713c2cea332e08e037c923cd61ee1d5ab7a127f"},
]

[metadata]
lock-version = "2.0"
python-versions = ">=3.10.0,<3.11"
content-hash = "50a730675cdefa7c248bc65a7b17171edf6079b2703a458989196b96f49573b8"
